
Microsoft Visual Studio Solution File, Format Version 12.00
# Visual Studio Version 16
VisualStudioVersion = 16.0.32228.343
MinimumVisualStudioVersion = 10.0.40219.1
Project("{9A19103F-16F7-4668-BE54-9A1E7A4F7556}") = "Lab_1_Entity_Framework", "Lab_1_Entity_Framework\Lab_1_Entity_Framework.csproj", "{7FA4B5AC-87DF-4606-874E-78629F9D8B7F}"
EndProject
Project("{9A19103F-16F7-4668-BE54-9A1E7A4F7556}") = "Lab_ 2_Linq", "Lab_ 2_Linq\Lab_ 2_Linq.csproj", "{824A80F4-6195-458F-8EB9-AEF5EC9760FD}"
EndProject
Project("{9A19103F-16F7-4668-BE54-9A1E7A4F7556}") = "Lab_3_API", "Lab_3_API\Lab_3_API.csproj", "{A4B6B33F-277C-426B-82A7-84196790DBCE}"
EndProject
Project("{9A19103F-16F7-4668-BE54-9A1E7A4F7556}") = "Lab_3_API.Model", "Lab_3_API.Model\Lab_3_API.Model.csproj", "{6559398C-B882-443C-BADF-5D102D1F2A25}"
EndProject
Project("{FAE04EC0-301F-11D3-BF4B-00C04F79EFBC}") = "Lab_4_MVC_Razor", "Lab_4_MVC_Razor\Lab_4_MVC_Razor.csproj", "{6A4BC191-D2B2-4EA3-8CA2-DCA11120A427}"
EndProject
Global
	GlobalSection(SolutionConfigurationPlatforms) = preSolution
		Debug|Any CPU = Debug|Any CPU
		Release|Any CPU = Release|Any CPU
	EndGlobalSection
	GlobalSection(ProjectConfigurationPlatforms) = postSolution
		{7FA4B5AC-87DF-4606-874E-78629F9D8B7F}.Debug|Any CPU.ActiveCfg = Debug|Any CPU
		{7FA4B5AC-87DF-4606-874E-78629F9D8B7F}.Debug|Any CPU.Build.0 = Debug|Any CPU
		{7FA4B5AC-87DF-4606-874E-78629F9D8B7F}.Release|Any CPU.ActiveCfg = Release|Any CPU
		{7FA4B5AC-87DF-4606-874E-78629F9D8B7F}.Release|Any CPU.Build.0 = Release|Any CPU
		{824A80F4-6195-458F-8EB9-AEF5EC9760FD}.Debug|Any CPU.ActiveCfg = Debug|Any CPU
		{824A80F4-6195-458F-8EB9-AEF5EC9760FD}.Debug|Any CPU.Build.0 = Debug|Any CPU
		{824A80F4-6195-458F-8EB9-AEF5EC9760FD}.Release|Any CPU.ActiveCfg = Release|Any CPU
		{824A80F4-6195-458F-8EB9-AEF5EC9760FD}.Release|Any CPU.Build.0 = Release|Any CPU
		{A4B6B33F-277C-426B-82A7-84196790DBCE}.Debug|Any CPU.ActiveCfg = Debug|Any CPU
		{A4B6B33F-277C-426B-82A7-84196790DBCE}.Debug|Any CPU.Build.0 = Debug|Any CPU
		{A4B6B33F-277C-426B-82A7-84196790DBCE}.Release|Any CPU.ActiveCfg = Release|Any CPU
		{A4B6B33F-277C-426B-82A7-84196790DBCE}.Release|Any CPU.Build.0 = Release|Any CPU
		{6559398C-B882-443C-BADF-5D102D1F2A25}.Debug|Any CPU.ActiveCfg = Debug|Any CPU
		{6559398C-B882-443C-BADF-5D102D1F2A25}.Debug|Any CPU.Build.0 = Debug|Any CPU
		{6559398C-B882-443C-BADF-5D102D1F2A25}.Release|Any CPU.ActiveCfg = Release|Any CPU
		{6559398C-B882-443C-BADF-5D102D1F2A25}.Release|Any CPU.Build.0 = Release|Any CPU
		{6A4BC191-D2B2-4EA3-8CA2-DCA11120A427}.Debug|Any CPU.ActiveCfg = Debug|Any CPU
		{6A4BC191-D2B2-4EA3-8CA2-DCA11120A427}.Debug|Any CPU.Build.0 = Debug|Any CPU
		{6A4BC191-D2B2-4EA3-8CA2-DCA11120A427}.Release|Any CPU.ActiveCfg = Release|Any CPU
		{6A4BC191-D2B2-4EA3-8CA2-DCA11120A427}.Release|Any CPU.Build.0 = Release|Any CPU
	EndGlobalSection
	GlobalSection(SolutionProperties) = preSolution
		HideSolutionNode = FALSE
	EndGlobalSection
	GlobalSection(ExtensibilityGlobals) = postSolution
		SolutionGuid = {C9596166-224D-4761-8C15-F20FB1C4525B}
	EndGlobalSection
EndGlobal
